
Microsoft Visual Studio Solution File, Format Version 12.00
# Visual Studio 15
VisualStudioVersion = 15.0.26730.12
MinimumVisualStudioVersion = 10.0.40219.1
Project("{2150E333-8FDC-42A3-9474-1A3956D46DE8}") = "Solution Items", "Solution Items", "{68354107-90A5-4653-801B-47C6B8995305}"
	ProjectSection(SolutionItems) = preProject
		CircleByTurning.st = CircleByTurning.st
		DelayExamples.st = DelayExamples.st
		DottedLine.st = DottedLine.st
		FormCanvasLine.st = FormCanvasLine.st
		MoveMorphInCircle.st = MoveMorphInCircle.st
		SpiralCircle.st = SpiralCircle.st
	EndProjectSection
EndProject
Global
	GlobalSection(SolutionProperties) = preSolution
		HideSolutionNode = FALSE
	EndGlobalSection
	GlobalSection(ExtensibilityGlobals) = postSolution
		SolutionGuid = {9BD68104-7CED-4346-9F5B-AAD7EA656D66}
	EndGlobalSection
EndGlobal
